
Microsoft Visual Studio Solution File, Format Version 12.00
# Visual Studio 15
VisualStudioVersion = 15.0.28307.421
MinimumVisualStudioVersion = 10.0.40219.1
Project("{9A19103F-16F7-4668-BE54-9A1E7A4F7556}") = "Medical.Entities", "src\Medical.Entities\Medical.Entities.csproj", "{08FE63D2-A82C-40BE-AC60-1EAEFA203344}"
EndProject
Project("{9A19103F-16F7-4668-BE54-9A1E7A4F7556}") = "Medical.Web", "src\Medical.Web\Medical.Web.csproj", "{261F9B1E-480D-4A71-A11B-1CCB3506E176}"
EndProject
Project("{FAE04EC0-301F-11D3-BF4B-00C04F79EFBC}") = "Medical.API", "src\Medical.API\Medical.API.csproj", "{84D070AC-ACD8-430E-971C-E00292764B36}"
EndProject
Project("{FAE04EC0-301F-11D3-BF4B-00C04F79EFBC}") = "Medical.Data", "src\Medical.Data\Medical.Data.csproj", "{B0DE52D7-E7F4-40BA-A4FC-7B4CEDFF3BD0}"
EndProject
Global
	GlobalSection(SolutionConfigurationPlatforms) = preSolution
		Debug|Any CPU = Debug|Any CPU
		Release|Any CPU = Release|Any CPU
	EndGlobalSection
	GlobalSection(ProjectConfigurationPlatforms) = postSolution
		{08FE63D2-A82C-40BE-AC60-1EAEFA203344}.Debug|Any CPU.ActiveCfg = Debug|Any CPU
		{08FE63D2-A82C-40BE-AC60-1EAEFA203344}.Debug|Any CPU.Build.0 = Debug|Any CPU
		{08FE63D2-A82C-40BE-AC60-1EAEFA203344}.Release|Any CPU.ActiveCfg = Release|Any CPU
		{08FE63D2-A82C-40BE-AC60-1EAEFA203344}.Release|Any CPU.Build.0 = Release|Any CPU
		{261F9B1E-480D-4A71-A11B-1CCB3506E176}.Debug|Any CPU.ActiveCfg = Debug|Any CPU
		{261F9B1E-480D-4A71-A11B-1CCB3506E176}.Debug|Any CPU.Build.0 = Debug|Any CPU
		{261F9B1E-480D-4A71-A11B-1CCB3506E176}.Release|Any CPU.ActiveCfg = Release|Any CPU
		{261F9B1E-480D-4A71-A11B-1CCB3506E176}.Release|Any CPU.Build.0 = Release|Any CPU
		{84D070AC-ACD8-430E-971C-E00292764B36}.Debug|Any CPU.ActiveCfg = Debug|Any CPU
		{84D070AC-ACD8-430E-971C-E00292764B36}.Debug|Any CPU.Build.0 = Debug|Any CPU
		{84D070AC-ACD8-430E-971C-E00292764B36}.Release|Any CPU.ActiveCfg = Release|Any CPU
		{84D070AC-ACD8-430E-971C-E00292764B36}.Release|Any CPU.Build.0 = Release|Any CPU
		{B0DE52D7-E7F4-40BA-A4FC-7B4CEDFF3BD0}.Debug|Any CPU.ActiveCfg = Debug|Any CPU
		{B0DE52D7-E7F4-40BA-A4FC-7B4CEDFF3BD0}.Debug|Any CPU.Build.0 = Debug|Any CPU
		{B0DE52D7-E7F4-40BA-A4FC-7B4CEDFF3BD0}.Release|Any CPU.ActiveCfg = Release|Any CPU
		{B0DE52D7-E7F4-40BA-A4FC-7B4CEDFF3BD0}.Release|Any CPU.Build.0 = Release|Any CPU
	EndGlobalSection
	GlobalSection(SolutionProperties) = preSolution
		HideSolutionNode = FALSE
	EndGlobalSection
	GlobalSection(ExtensibilityGlobals) = postSolution
		SolutionGuid = {5A0EA170-B6D9-42D8-BA3E-636E94E80E73}
	EndGlobalSection
EndGlobal
